<?xml version="1.0" encoding="utf-8"?>
<Project ToolsVersion="4.0" xmlns="http://schemas.microsoft.com/developer/msbuild/2003">
  <ItemGroup>
    <Filter Include="Cipher">
      <UniqueIdentifier>{df88da51-1ee2-4559-a6e9-645929bc1a75}</UniqueIdentifier>
    </Filter>
    <Filter Include="Cipher\Header">
      <UniqueIdentifier>{fe2754bd-1225-43f5-ab83-339eac930223}</UniqueIdentifier>
    </Filter>
    <Filter Include="Cipher\Source">
      <UniqueIdentifier>{7c148715-1435-4a5e-a086-ddee63673f2e}</UniqueIdentifier>
    </Filter>
    <Filter Include="Source Files">
      <UniqueIdentifier>{4FC737F1-C7A5-4376-A066-2A32D752A2FF}</UniqueIdentifier>
      <Extensions>cpp;c;cc;cxx;c++;cppm;ixx;def;odl;idl;hpj;bat;asm;asmx</Extensions>
    </Filter>
    <Filter Include="Header Files">
      <UniqueIdentifier>{93995380-89BD-4b04-88EB-625FBE52EBFB}</UniqueIdentifier>
      <Extensions>h;hh;hpp;hxx;h++;hm;inl;inc;ipp;xsd</Extensions>
    </Filter>
  </ItemGroup>
  <ItemGroup>
    <ClInclude Include="Cipher\AffineCipher.h">
      <Filter>Cipher\Header</Filter>
    </ClInclude>
    <ClInclude Include="Cipher\CaesarCipher.h">
      <Filter>Cipher\Header</Filter>
    </ClInclude>
    <ClInclude Include="Cipher\Cipher.h">
      <Filter>Cipher\Header</Filter>
    </ClInclude>
    <ClInclude Include="Cipher\CipherUtil.h">
      <Filter>Cipher\Header</Filter>
    </ClInclude>
    <ClInclude Include="Cipher\ICipherAAD.h">
      <Filter>Cipher\Header</Filter>
    </ClInclude>
    <ClInclude Include="Cipher\XorCipher.h">
      <Filter>Cipher\Header</Filter>
    </ClInclude>
    <ClInclude Include="Cipher\CryptoTypes.h">
      <Filter>Cipher\Header</Filter>
    </ClInclude>
    <ClInclude Include="Cipher\Random.h">
      <Filter>Cipher\Header</Filter>
    </ClInclude>
    <ClInclude Include="Cipher\Hash.h">
      <Filter>Cipher\Header</Filter>
    </ClInclude>
    <ClInclude Include="Cipher\Hmac.h">
      <Filter>Cipher\Header</Filter>
    </ClInclude>
    <ClInclude Include="Cipher\Kdf.h">
      <Filter>Cipher\Header</Filter>
    </ClInclude>
    <ClInclude Include="Cipher\BlockCipher.h">
      <Filter>Cipher\Header</Filter>
    </ClInclude>
    <ClInclude Include="Cipher\AesCbcCipher.h">
      <Filter>Cipher\Header</Filter>
    </ClInclude>
    <ClInclude Include="Cipher\TripleDesCbcCipher.h">
      <Filter>Cipher\Header</Filter>
    </ClInclude>
    <ClInclude Include="Cipher\AesCtrCipher.h">
      <Filter>Cipher\Header</Filter>
    </ClInclude>
    <ClInclude Include="Cipher\AesGcmCipher.h">
      <Filter>Cipher\Header</Filter>
    </ClInclude>
    <ClInclude Include="Cipher\Crypto.h">
      <Filter>Cipher\Header</Filter>
    </ClInclude>
  </ItemGroup>
  <ItemGroup>
    <ClCompile Include="Cipher\AffineCipher.cpp">
      <Filter>Cipher\Source</Filter>
    </ClCompile>
    <ClCompile Include="Cipher\CaesarCipher.cpp">
      <Filter>Cipher\Source</Filter>
    </ClCompile>
    <ClCompile Include="Cipher\CipherAadFallback.cpp">
      <Filter>Cipher\Source</Filter>
    </ClCompile>
    <ClCompile Include="Cipher\XorCipher.cpp">
      <Filter>Cipher\Source</Filter>
    </ClCompile>
    <ClCompile Include="Cipher\Random.cpp">
      <Filter>Cipher\Source</Filter>
    </ClCompile>
    <ClCompile Include="Cipher\Hash.cpp">
      <Filter>Cipher\Source</Filter>
    </ClCompile>
    <ClCompile Include="Cipher\Hmac.cpp">
      <Filter>Cipher\Source</Filter>
    </ClCompile>
    <ClCompile Include="Cipher\Kdf.cpp">
      <Filter>Cipher\Source</Filter>
    </ClCompile>
    <ClCompile Include="Cipher\BlockCipher.cpp">
      <Filter>Cipher\Source</Filter>
    </ClCompile>
    <ClCompile Include="Cipher\AesCbcCipher.cpp">
      <Filter>Cipher\Source</Filter>
    </ClCompile>
    <ClCompile Include="Cipher\TripleDesCbcCipher.cpp">
      <Filter>Cipher\Source</Filter>
    </ClCompile>
    <ClCompile Include="Cipher\AesCtrCipher.cpp">
      <Filter>Cipher\Source</Filter>
    </ClCompile>
    <ClCompile Include="Cipher\AesGcmCipher.cpp">
      <Filter>Cipher\Source</Filter>
    </ClCompile>
  </ItemGroup>
  <ItemGroup>
    <Text Include="CMakeLists.txt" />
  </ItemGroup>
  <ItemGroup>
    <None Include="CIPHER_OPTIMIZATION_GUIDE.md" />
  </ItemGroup>
</Project>