Microsoft Visual Studio Solution File, Format Version 12.00
# Visual Studio Version 17
VisualStudioVersion = 17.14.36518.9
MinimumVisualStudioVersion = 10.0.40219.1
Project("{8BC9CEB8-8B4A-11D0-8D11-00A0C91BC942}") = "Workshop1", "Workshop1\Workshop1.vcxproj", "{82DE335E-2189-4910-954C-EE486374061D}"
EndProject
Project("{8BC9CEB8-8B4A-11D0-8D11-00A0C91BC942}") = "Cipher", "Cipher\Cipher.vcxproj", "{28DBE5CB-73ED-4703-8C7A-AB482AD59C29}"
EndProject
Project("{8BC9CEB8-8B4A-11D0-8D11-00A0C91BC942}") = "Reader", "Reader\Reader.vcxproj", "{94E046F9-D110-488B-A778-0B19F94848F7}"
EndProject
Project("{8BC9CEB8-8B4A-11D0-8D11-00A0C91BC942}") = "Utils", "Utils\Utils.vcxproj", "{A1B2C3D4-E5F6-7890-ABCD-EF1234567890}"
EndProject
Project("{8BC9CEB8-8B4A-11D0-8D11-00A0C91BC942}") = "Tests", "Tests\Tests.vcxproj", "{B1C2D3E4-F5A6-7890-1234-567890ABCDEF}"
EndProject
Project("{2150E333-8FDC-42A3-9474-1A3956D46DE8}") = "Libs", "Libs", "{02EA681E-C7D8-13C7-8484-4AC65E1B71E8}"
EndProject
Project("{2150E333-8FDC-42A3-9474-1A3956D46DE8}") = "WorkShops", "WorkShops", "{D7333604-4BF3-4A2B-9F4D-04A29BC75301}"
EndProject
Global
	GlobalSection(SolutionConfigurationPlatforms) = preSolution
		Debug|x64 = Debug|x64
		Debug|x86 = Debug|x86
		Release|x64 = Release|x64
		Release|x86 = Release|x86
	EndGlobalSection
	GlobalSection(ProjectConfigurationPlatforms) = postSolution
		{82DE335E-2189-4910-954C-EE486374061D}.Debug|x64.ActiveCfg = Debug|x64
		{82DE335E-2189-4910-954C-EE486374061D}.Debug|x64.Build.0 = Debug|x64
		{82DE335E-2189-4910-954C-EE486374061D}.Debug|x86.ActiveCfg = Debug|Win32
		{82DE335E-2189-4910-954C-EE486374061D}.Debug|x86.Build.0 = Debug|Win32
		{82DE335E-2189-4910-954C-EE486374061D}.Release|x64.ActiveCfg = Release|x64
		{82DE335E-2189-4910-954C-EE486374061D}.Release|x64.Build.0 = Release|x64
		{82DE335E-2189-4910-954C-EE486374061D}.Release|x86.ActiveCfg = Release|Win32
		{82DE335E-2189-4910-954C-EE486374061D}.Release|x86.Build.0 = Release|Win32
		{28DBE5CB-73ED-4703-8C7A-AB482AD59C29}.Debug|x64.ActiveCfg = Debug|x64
		{28DBE5CB-73ED-4703-8C7A-AB482AD59C29}.Debug|x64.Build.0 = Debug|x64
		{28DBE5CB-73ED-4703-8C7A-AB482AD59C29}.Debug|x86.ActiveCfg = Debug|Win32
		{28DBE5CB-73ED-4703-8C7A-AB482AD59C29}.Debug|x86.Build.0 = Debug|Win32
		{28DBE5CB-73ED-4703-8C7A-AB482AD59C29}.Release|x64.ActiveCfg = Release|x64
		{28DBE5CB-73ED-4703-8C7A-AB482AD59C29}.Release|x64.Build.0 = Release|x64
		{28DBE5CB-73ED-4703-8C7A-AB482AD59C29}.Release|x86.ActiveCfg = Release|Win32
		{28DBE5CB-73ED-4703-8C7A-AB482AD59C29}.Release|x86.Build.0 = Release|Win32
		{94E046F9-D110-488B-A778-0B19F94848F7}.Debug|x64.ActiveCfg = Debug|x64
		{94E046F9-D110-488B-A778-0B19F94848F7}.Debug|x64.Build.0 = Debug|x64
		{94E046F9-D110-488B-A778-0B19F94848F7}.Debug|x86.ActiveCfg = Debug|Win32
		{94E046F9-D110-488B-A778-0B19F94848F7}.Debug|x86.Build.0 = Debug|Win32
		{94E046F9-D110-488B-A778-0B19F94848F7}.Release|x64.ActiveCfg = Release|x64
		{94E046F9-D110-488B-A778-0B19F94848F7}.Release|x64.Build.0 = Release|x64
		{94E046F9-D110-488B-A778-0B19F94848F7}.Release|x86.ActiveCfg = Release|Win32
		{94E046F9-D110-488B-A778-0B19F94848F7}.Release|x86.Build.0 = Release|Win32
		{A1B2C3D4-E5F6-7890-ABCD-EF1234567890}.Debug|x64.ActiveCfg = Debug|x64
		{A1B2C3D4-E5F6-7890-ABCD-EF1234567890}.Debug|x64.Build.0 = Debug|x64
		{A1B2C3D4-E5F6-7890-ABCD-EF1234567890}.Debug|x86.ActiveCfg = Debug|Win32
		{A1B2C3D4-E5F6-7890-ABCD-EF1234567890}.Debug|x86.Build.0 = Debug|Win32
		{A1B2C3D4-E5F6-7890-ABCD-EF1234567890}.Release|x64.ActiveCfg = Release|x64
		{A1B2C3D4-E5F6-7890-ABCD-EF1234567890}.Release|x64.Build.0 = Release|x64
		{A1B2C3D4-E5F6-7890-ABCD-EF1234567890}.Release|x86.ActiveCfg = Release|Win32
		{A1B2C3D4-E5F6-7890-ABCD-EF1234567890}.Release|x86.Build.0 = Release|Win32
		{B1C2D3E4-F5A6-7890-1234-567890ABCDEF}.Debug|x64.ActiveCfg = Debug|x64
		{B1C2D3E4-F5A6-7890-1234-567890ABCDEF}.Debug|x64.Build.0 = Debug|x64
		{B1C2D3E4-F5A6-7890-1234-567890ABCDEF}.Debug|x86.ActiveCfg = Debug|Win32
		{B1C2D3E4-F5A6-7890-1234-567890ABCDEF}.Debug|x86.Build.0 = Debug|Win32
		{B1C2D3E4-F5A6-7890-1234-567890ABCDEF}.Release|x64.ActiveCfg = Release|x64
		{B1C2D3E4-F5A6-7890-1234-567890ABCDEF}.Release|x64.Build.0 = Release|x64
		{B1C2D3E4-F5A6-7890-1234-567890ABCDEF}.Release|x86.ActiveCfg = Release|Win32
		{B1C2D3E4-F5A6-7890-1234-567890ABCDEF}.Release|x86.Build.0 = Release|Win32
	EndGlobalSection
	GlobalSection(SolutionProperties) = preSolution
		HideSolutionNode = FALSE
	EndGlobalSection
	GlobalSection(NestedProjects) = preSolution
		{82DE335E-2189-4910-954C-EE486374061D} = {D7333604-4BF3-4A2B-9F4D-04A29BC75301}
		{28DBE5CB-73ED-4703-8C7A-AB482AD59C29} = {02EA681E-C7D8-13C7-8484-4AC65E1B71E8}
		{94E046F9-D110-488B-A778-0B19F94848F7} = {02EA681E-C7D8-13C7-8484-4AC65E1B71E8}
		{A1B2C3D4-E5F6-7890-ABCD-EF1234567890} = {02EA681E-C7D8-13C7-8484-4AC65E1B71E8}
		{B1C2D3E4-F5A6-7890-1234-567890ABCDEF} = {D7333604-4BF3-4A2B-9F4D-04A29BC75301}
	EndGlobalSection
	GlobalSection(ExtensibilityGlobals) = postSolution
		SolutionGuid = {5CBE6150-54CF-4645-B495-A9828E7D9E76}
	EndGlobalSection
EndGlobal
