
Microsoft Visual Studio Solution File, Format Version 12.00
# Visual Studio Version 17
VisualStudioVersion = 17.14.36518.9
MinimumVisualStudioVersion = 10.0.40219.1
Project("{8BC9CEB8-8B4A-11D0-8D11-00A0C91BC942}") = "PCSC_workshop1", "PCSC_workshop1\PCSC_workshop1.vcxproj", "{82DE335E-2189-4910-954C-EE486374061D}"
EndProject
Project("{8BC9CEB8-8B4A-11D0-8D11-00A0C91BC942}") = "Cipher", "Cipher\Cipher.vcxproj", "{28DBE5CB-73ED-4703-8C7A-AB482AD59C29}"
EndProject
Project("{8BC9CEB8-8B4A-11D0-8D11-00A0C91BC942}") = "Reader", "Reader\Reader.vcxproj", "{94E046F9-D110-488B-A778-0B19F94848F7}"
EndProject
Global
	GlobalSection(SolutionConfigurationPlatforms) = preSolution
		Debug|x64 = Debug|x64
		Debug|x86 = Debug|x86
		Release|x64 = Release|x64
		Release|x86 = Release|x86
	EndGlobalSection
	GlobalSection(ProjectConfigurationPlatforms) = postSolution
		{82DE335E-2189-4910-954C-EE486374061D}.Debug|x64.ActiveCfg = Debug|x64
		{82DE335E-2189-4910-954C-EE486374061D}.Debug|x64.Build.0 = Debug|x64
		{82DE335E-2189-4910-954C-EE486374061D}.Debug|x86.ActiveCfg = Debug|Win32
		{82DE335E-2189-4910-954C-EE486374061D}.Debug|x86.Build.0 = Debug|Win32
		{82DE335E-2189-4910-954C-EE486374061D}.Release|x64.ActiveCfg = Release|x64
		{82DE335E-2189-4910-954C-EE486374061D}.Release|x64.Build.0 = Release|x64
		{82DE335E-2189-4910-954C-EE486374061D}.Release|x86.ActiveCfg = Release|Win32
		{82DE335E-2189-4910-954C-EE486374061D}.Release|x86.Build.0 = Release|Win32
		{28DBE5CB-73ED-4703-8C7A-AB482AD59C29}.Debug|x64.ActiveCfg = Debug|x64
		{28DBE5CB-73ED-4703-8C7A-AB482AD59C29}.Debug|x64.Build.0 = Debug|x64
		{28DBE5CB-73ED-4703-8C7A-AB482AD59C29}.Debug|x86.ActiveCfg = Debug|Win32
		{28DBE5CB-73ED-4703-8C7A-AB482AD59C29}.Debug|x86.Build.0 = Debug|Win32
		{28DBE5CB-73ED-4703-8C7A-AB482AD59C29}.Release|x64.ActiveCfg = Release|x64
		{28DBE5CB-73ED-4703-8C7A-AB482AD59C29}.Release|x64.Build.0 = Release|x64
		{28DBE5CB-73ED-4703-8C7A-AB482AD59C29}.Release|x86.ActiveCfg = Release|Win32
		{28DBE5CB-73ED-4703-8C7A-AB482AD59C29}.Release|x86.Build.0 = Release|Win32
		{94E046F9-D110-488B-A778-0B19F94848F7}.Debug|x64.ActiveCfg = Debug|x64
		{94E046F9-D110-488B-A778-0B19F94848F7}.Debug|x64.Build.0 = Debug|x64
		{94E046F9-D110-488B-A778-0B19F94848F7}.Debug|x86.ActiveCfg = Debug|Win32
		{94E046F9-D110-488B-A778-0B19F94848F7}.Debug|x86.Build.0 = Debug|Win32
		{94E046F9-D110-488B-A778-0B19F94848F7}.Release|x64.ActiveCfg = Release|x64
		{94E046F9-D110-488B-A778-0B19F94848F7}.Release|x64.Build.0 = Release|x64
		{94E046F9-D110-488B-A778-0B19F94848F7}.Release|x86.ActiveCfg = Release|Win32
		{94E046F9-D110-488B-A778-0B19F94848F7}.Release|x86.Build.0 = Release|Win32
	EndGlobalSection
	GlobalSection(SolutionProperties) = preSolution
		HideSolutionNode = FALSE
	EndGlobalSection
	GlobalSection(ExtensibilityGlobals) = postSolution
		SolutionGuid = {5CBE6150-54CF-4645-B495-A9828E7D9E76}
	EndGlobalSection
EndGlobal
