<?xml version="1.0" encoding="utf-8"?>
<Project ToolsVersion="4.0" xmlns="http://schemas.microsoft.com/developer/msbuild/2003">
  <ItemGroup>
    <Filter Include="Source Files">
      <UniqueIdentifier>{4FC737F1-C7A5-4376-A066-2A32D752A2FF}</UniqueIdentifier>
      <Extensions>cpp;c;cc;cxx;c++;cppm;ixx;def;odl;idl;hpj;bat;asm;asmx</Extensions>
    </Filter>
    <Filter Include="Header Files">
      <UniqueIdentifier>{93995380-89BD-4b04-88EB-625FBE52EBFB}</UniqueIdentifier>
      <Extensions>h;hh;hpp;hxx;h++;hm;inl;inc;ipp;xsd</Extensions>
    </Filter>
    <Filter Include="ACR1281U">
      <UniqueIdentifier>{A1B2C3D4-E5F6-7890-ABCD-EF0123456789}</UniqueIdentifier>
    </Filter>
    <Filter Include="ACR1281U\Source">
      <UniqueIdentifier>{3e0ea861-9a42-42f6-b84b-ab14062511d8}</UniqueIdentifier>
    </Filter>
    <Filter Include="ACR1281U\Header">
      <UniqueIdentifier>{d0b38a18-645c-46ba-8a60-28d3e6d0d803}</UniqueIdentifier>
    </Filter>
    <Filter Include="Reader">
      <UniqueIdentifier>{430aafd9-64c7-4a0b-841f-957559f72755}</UniqueIdentifier>
    </Filter>
    <Filter Include="Reader\Header">
      <UniqueIdentifier>{d7a5607d-1d28-4983-bf60-7a0e466713db}</UniqueIdentifier>
    </Filter>
    <Filter Include="Reader\Source">
      <UniqueIdentifier>{7e7c99d9-1e9c-465d-998b-209fcd3e8a61}</UniqueIdentifier>
    </Filter>
    <Filter Include="Card">
      <UniqueIdentifier>{0e48c3ec-6f78-4ffa-a759-2fe2760fee38}</UniqueIdentifier>
    </Filter>
    <Filter Include="Card\MifareClassic">
      <UniqueIdentifier>{712e4825-400d-472c-85e6-3432c2861291}</UniqueIdentifier>
    </Filter>
  </ItemGroup>
  <ItemGroup>
    <ClInclude Include="Reader\Readers.h">
      <Filter>Header Files</Filter>
    </ClInclude>
    <ClInclude Include="Reader\ACR1281U\ACR1281UReader.h">
      <Filter>ACR1281U\Header</Filter>
    </ClInclude>
    <ClInclude Include="Reader\Reader.h">
      <Filter>Reader\Header</Filter>
    </ClInclude>
    <ClInclude Include="Reader\Card\MifareClassic\MifareClassic.h">
      <Filter>Card\MifareClassic</Filter>
    </ClInclude>
  </ItemGroup>
  <ItemGroup>
    <ClCompile Include="Reader\ACR1281U\ACR1281UReader.cpp">
      <Filter>ACR1281U\Source</Filter>
    </ClCompile>
    <ClCompile Include="Reader\Reader.cpp">
      <Filter>Reader\Source</Filter>
    </ClCompile>
    <ClCompile Include="Reader\Card\MifareClassic\MifareClassic.cpp">
      <Filter>Card\MifareClassic</Filter>
    </ClCompile>
  </ItemGroup>
  <ItemGroup>
    <Text Include="Reader\CMakeLists.txt" />
  </ItemGroup>
</Project>