<?xml version="1.0" encoding="utf-8"?>
<Project ToolsVersion="4.0" xmlns="http://schemas.microsoft.com/developer/msbuild/2003">
  <ItemGroup>
    <Filter Include="Header Files">
      <UniqueIdentifier>{93995380-89BD-4b04-88EB-625FBE52EBFB}</UniqueIdentifier>
      <Extensions>h;hh;hpp;hxx;h++;hm;inl;inc;ipp;xsd</Extensions>
    </Filter>
    <Filter Include="Source Files">
      <UniqueIdentifier>{4FC737F1-C7A5-4376-A066-2A32D752A2FF}</UniqueIdentifier>
      <Extensions>cpp;c;cc;cxx;c++;cppm;ixx;def;odl;idl;hpj;bat;asm;asmx</Extensions>
    </Filter>
    <Filter Include="Tests">
      <UniqueIdentifier>{b517b4d2-84aa-4096-b0f5-7223c9c0ac62}</UniqueIdentifier>
    </Filter>
    <Filter Include="Exception">
      <UniqueIdentifier>{4e301404-aebf-4c60-bf2f-e9d27e463f4b}</UniqueIdentifier>
    </Filter>
    <Filter Include="Tests\ACR1281U">
      <UniqueIdentifier>{baab8c50-86fd-4401-954b-733d25b46e60}</UniqueIdentifier>
    </Filter>
    <Filter Include="PCSC">
      <UniqueIdentifier>{70da73f1-fb01-43d2-92b8-491775999538}</UniqueIdentifier>
    </Filter>
  </ItemGroup>
  <ItemGroup>
    <ClInclude Include="Utils\PcscUtils.h">
      <Filter>Header Files</Filter>
    </ClInclude>
    <ClInclude Include="Utils\CardUtils.h">
      <Filter>Header Files</Filter>
    </ClInclude>
    <ClInclude Include="Utils\Utils.h">
      <Filter>Header Files</Filter>
    </ClInclude>
    <ClInclude Include="Utils\Exceptions\GenericExceptions.h">
      <Filter>Exception</Filter>
    </ClInclude>
    <ClInclude Include="Utils\Tests\ACR1281U\ACR1281UReaderTestHelpers.h">
      <Filter>Tests\ACR1281U</Filter>
    </ClInclude>
    <ClInclude Include="Utils\Tests\ACR1281U\ACR1281UReaderTests.h">
      <Filter>Tests\ACR1281U</Filter>
    </ClInclude>
    <ClInclude Include="Utils\PCSC.h">
      <Filter>PCSC</Filter>
    </ClInclude>
    <ClInclude Include="Utils\CardConnection.h">
      <Filter>PCSC</Filter>
    </ClInclude>
  </ItemGroup>
  <ItemGroup>
    <ClCompile Include="Utils\Utils.cpp">
      <Filter>Source Files</Filter>
    </ClCompile>
    <ClCompile Include="ArrayAppend.h">
      <Filter>Header Files</Filter>
    </ClCompile>
    <ClCompile Include="Utils\Tests\ACR1281U\ACR1281UReaderTestHelpers.cpp">
      <Filter>Tests\ACR1281U</Filter>
    </ClCompile>
    <ClCompile Include="Utils\Tests\ACR1281U\ACR1281UReaderTests.cpp">
      <Filter>Tests\ACR1281U</Filter>
    </ClCompile>
    <ClCompile Include="Utils\PCSC.cpp">
      <Filter>PCSC</Filter>
    </ClCompile>
    <ClCompile Include="Utils\CardConnection.cpp">
      <Filter>Source Files</Filter>
    </ClCompile>
  </ItemGroup>
  <ItemGroup>
    <Text Include="CMakeLists.txt" />
  </ItemGroup>
</Project>